# This file is automatically @generated by Poetry and should not be changed by hand.

[[package]]
name = "atomicwrites"
version = "1.4.0"
description = "Atomic file writes."
category = "dev"
optional = false
python-versions = ">=2.7, !=3.0.*, !=3.1.*, !=3.2.*, !=3.3.*"
files = [
    {file = "atomicwrites-1.4.0-py2.py3-none-any.whl", hash = "sha256:6d1784dea7c0c8d4a5172b6c620f40b6e4cbfdf96d783691f2e1302a7b88e197"},
    {file = "atomicwrites-1.4.0.tar.gz", hash = "sha256:ae70396ad1a434f9c7046fd2dd196fc04b12f9e91ffb859164193be8b6168a7a"},
]

[[package]]
name = "attrs"
version = "19.3.0"
description = "Classes Without Boilerplate"
category = "dev"
optional = false
python-versions = ">=2.7, !=3.0.*, !=3.1.*, !=3.2.*, !=3.3.*"
files = [
    {file = "attrs-19.3.0-py2.py3-none-any.whl", hash = "sha256:08a96c641c3a74e44eb59afb61a24f2cb9f4d7188748e76ba4bb5edfa3cb7d1c"},
    {file = "attrs-19.3.0.tar.gz", hash = "sha256:f7b7ce16570fe9965acd6d30101a28f62fb4a7f9e926b3bbc9b61f8b04247e72"},
]

[package.extras]
azure-pipelines = ["coverage", "hypothesis", "pympler", "pytest (>=4.3.0)", "pytest-azurepipelines", "six", "zope.interface"]
dev = ["coverage", "hypothesis", "pre-commit", "pympler", "pytest (>=4.3.0)", "six", "sphinx", "zope.interface"]
docs = ["sphinx", "zope.interface"]
tests = ["coverage", "hypothesis", "pympler", "pytest (>=4.3.0)", "six", "zope.interface"]

[[package]]
name = "autopep8"
version = "1.5.2"
description = "A tool that automatically formats Python code to conform to the PEP 8 style guide"
category = "dev"
optional = false
python-versions = "*"
files = [
    {file = "autopep8-1.5.2.tar.gz", hash = "sha256:152fd8fe47d02082be86e05001ec23d6f420086db56b17fc883f3f965fb34954"},
]

[package.dependencies]
pycodestyle = ">=2.5.0"

[[package]]
name = "bcrypt"
version = "3.1.7"
description = "Modern password hashing for your software and your servers"
category = "main"
optional = false
python-versions = ">=2.7, !=3.0.*, !=3.1.*, !=3.2.*, !=3.3.*"
files = [
    {file = "bcrypt-3.1.7-cp27-cp27m-macosx_10_6_intel.whl", hash = "sha256:d7bdc26475679dd073ba0ed2766445bb5b20ca4793ca0db32b399dccc6bc84b7"},
    {file = "bcrypt-3.1.7-cp27-cp27m-manylinux1_x86_64.whl", hash = "sha256:69361315039878c0680be456640f8705d76cb4a3a3fe1e057e0f261b74be4b31"},
    {file = "bcrypt-3.1.7-cp27-cp27m-win32.whl", hash = "sha256:5432dd7b34107ae8ed6c10a71b4397f1c853bd39a4d6ffa7e35f40584cffd161"},
    {file = "bcrypt-3.1.7-cp27-cp27m-win_amd64.whl", hash = "sha256:9fe92406c857409b70a38729dbdf6578caf9228de0aef5bc44f859ffe971a39e"},
    {file = "bcrypt-3.1.7-cp27-cp27mu-manylinux1_x86_64.whl", hash = "sha256:763669a367869786bb4c8fcf731f4175775a5b43f070f50f46f0b59da45375d0"},
    {file = "bcrypt-3.1.7-cp34-abi3-macosx_10_6_intel.whl", hash = "sha256:a190f2a5dbbdbff4b74e3103cef44344bc30e61255beb27310e2aec407766052"},
    {file = "bcrypt-3.1.7-cp34-abi3-manylinux1_x86_64.whl", hash = "sha256:c9457fa5c121e94a58d6505cadca8bed1c64444b83b3204928a866ca2e599105"},
    {file = "bcrypt-3.1.7-cp34-cp34m-win32.whl", hash = "sha256:8b10acde4e1919d6015e1df86d4c217d3b5b01bb7744c36113ea43d529e1c3de"},
    {file = "bcrypt-3.1.7-cp34-cp34m-win_amd64.whl", hash = "sha256:cb93f6b2ab0f6853550b74e051d297c27a638719753eb9ff66d1e4072be67133"},
    {file = "bcrypt-3.1.7-cp35-abi3-manylinux2014_aarch64.whl", hash = "sha256:436a487dec749bca7e6e72498a75a5fa2433bda13bac91d023e18df9089ae0b8"},
    {file = "bcrypt-3.1.7-cp35-cp35m-win32.whl", hash = "sha256:6fe49a60b25b584e2f4ef175b29d3a83ba63b3a4df1b4c0605b826668d1b6be5"},
    {file = "bcrypt-3.1.7-cp35-cp35m-win_amd64.whl", hash = "sha256:a595c12c618119255c90deb4b046e1ca3bcfad64667c43d1166f2b04bc72db09"},
    {file = "bcrypt-3.1.7-cp36-cp36m-win32.whl", hash = "sha256:74a015102e877d0ccd02cdeaa18b32aa7273746914a6c5d0456dd442cb65b99c"},
    {file = "bcrypt-3.1.7-cp36-cp36m-win_amd64.whl", hash = "sha256:0258f143f3de96b7c14f762c770f5fc56ccd72f8a1857a451c1cd9a655d9ac89"},
    {file = "bcrypt-3.1.7-cp37-cp37m-win32.whl", hash = "sha256:19a4b72a6ae5bb467fea018b825f0a7d917789bcfe893e53f15c92805d187294"},
    {file = "bcrypt-3.1.7-cp37-cp37m-win_amd64.whl", hash = "sha256:ff032765bb8716d9387fd5376d987a937254b0619eff0972779515b5c98820bc"},
    {file = "bcrypt-3.1.7-cp38-cp38-win32.whl", hash = "sha256:ce4e4f0deb51d38b1611a27f330426154f2980e66582dc5f438aad38b5f24fc1"},
    {file = "bcrypt-3.1.7-cp38-cp38-win_amd64.whl", hash = "sha256:6305557019906466fc42dbc53b46da004e72fd7a551c044a827e572c82191752"},
    {file = "bcrypt-3.1.7.tar.gz", hash = "sha256:0b0069c752ec14172c5f78208f1863d7ad6755a6fae6fe76ec2c80d13be41e42"},
]

[package.dependencies]
cffi = ">=1.1"
six = ">=1.4.1"

[package.extras]
tests = ["pytest (>=3.2.1,!=3.3.0)"]

[[package]]
name = "cffi"
version = "1.14.0"
description = "Foreign Function Interface for Python calling C code."
category = "main"
optional = false
python-versions = "*"
files = [
    {file = "cffi-1.14.0-cp27-cp27m-macosx_10_9_x86_64.whl", hash = "sha256:1cae98a7054b5c9391eb3249b86e0e99ab1e02bb0cc0575da191aedadbdf4384"},
    {file = "cffi-1.14.0-cp27-cp27m-manylinux1_i686.whl", hash = "sha256:cf16e3cf6c0a5fdd9bc10c21687e19d29ad1fe863372b5543deaec1039581a30"},
    {file = "cffi-1.14.0-cp27-cp27m-manylinux1_x86_64.whl", hash = "sha256:f2b0fa0c01d8a0c7483afd9f31d7ecf2d71760ca24499c8697aeb5ca37dc090c"},
    {file = "cffi-1.14.0-cp27-cp27m-win32.whl", hash = "sha256:99f748a7e71ff382613b4e1acc0ac83bf7ad167fb3802e35e90d9763daba4d78"},
    {file = "cffi-1.14.0-cp27-cp27m-win_amd64.whl", hash = "sha256:c420917b188a5582a56d8b93bdd8e0f6eca08c84ff623a4c16e809152cd35793"},
    {file = "cffi-1.14.0-cp27-cp27mu-manylinux1_i686.whl", hash = "sha256:399aed636c7d3749bbed55bc907c3288cb43c65c4389964ad5ff849b6370603e"},
    {file = "cffi-1.14.0-cp27-cp27mu-manylinux1_x86_64.whl", hash = "sha256:cab50b8c2250b46fe738c77dbd25ce017d5e6fb35d3407606e7a4180656a5a6a"},
    {file = "cffi-1.14.0-cp35-cp35m-macosx_10_9_x86_64.whl", hash = "sha256:001bf3242a1bb04d985d63e138230802c6c8d4db3668fb545fb5005ddf5bb5ff"},
    {file = "cffi-1.14.0-cp35-cp35m-manylinux1_i686.whl", hash = "sha256:e56c744aa6ff427a607763346e4170629caf7e48ead6921745986db3692f987f"},
    {file = "cffi-1.14.0-cp35-cp35m-manylinux1_x86_64.whl", hash = "sha256:b8c78301cefcf5fd914aad35d3c04c2b21ce8629b5e4f4e45ae6812e461910fa"},
    {file = "cffi-1.14.0-cp35-cp35m-win32.whl", hash = "sha256:8c0ffc886aea5df6a1762d0019e9cb05f825d0eec1f520c51be9d198701daee5"},
    {file = "cffi-1.14.0-cp35-cp35m-win_amd64.whl", hash = "sha256:8a6c688fefb4e1cd56feb6c511984a6c4f7ec7d2a1ff31a10254f3c817054ae4"},
    {file = "cffi-1.14.0-cp36-cp36m-macosx_10_9_x86_64.whl", hash = "sha256:95cd16d3dee553f882540c1ffe331d085c9e629499ceadfbda4d4fde635f4b7d"},
    {file = "cffi-1.14.0-cp36-cp36m-manylinux1_i686.whl", hash = "sha256:66e41db66b47d0d8672d8ed2708ba91b2f2524ece3dee48b5dfb36be8c2f21dc"},
    {file = "cffi-1.14.0-cp36-cp36m-manylinux1_x86_64.whl", hash = "sha256:028a579fc9aed3af38f4892bdcc7390508adabc30c6af4a6e4f611b0c680e6ac"},
    {file = "cffi-1.14.0-cp36-cp36m-win32.whl", hash = "sha256:cef128cb4d5e0b3493f058f10ce32365972c554572ff821e175dbc6f8ff6924f"},
    {file = "cffi-1.14.0-cp36-cp36m-win_amd64.whl", hash = "sha256:337d448e5a725bba2d8293c48d9353fc68d0e9e4088d62a9571def317797522b"},
    {file = "cffi-1.14.0-cp37-cp37m-macosx_10_9_x86_64.whl", hash = "sha256:e577934fc5f8779c554639376beeaa5657d54349096ef24abe8c74c5d9c117c3"},
    {file = "cffi-1.14.0-cp37-cp37m-manylinux1_i686.whl", hash = "sha256:62ae9af2d069ea2698bf536dcfe1e4eed9090211dbaafeeedf5cb6c41b352f66"},
    {file = "cffi-1.14.0-cp37-cp37m-manylinux1_x86_64.whl", hash = "sha256:14491a910663bf9f13ddf2bc8f60562d6bc5315c1f09c704937ef17293fb85b0"},
    {file = "cffi-1.14.0-cp37-cp37m-win32.whl", hash = "sha256:c43866529f2f06fe0edc6246eb4faa34f03fe88b64a0a9a942561c8e22f4b71f"},
    {file = "cffi-1.14.0-cp37-cp37m-win_amd64.whl", hash = "sha256:2089ed025da3919d2e75a4d963d008330c96751127dd6f73c8dc0c65041b4c26"},
    {file = "cffi-1.14.0-cp38-cp38-macosx_10_9_x86_64.whl", hash = "sha256:3b911c2dbd4f423b4c4fcca138cadde747abdb20d196c4a48708b8a2d32b16dd"},
    {file = "cffi-1.14.0-cp38-cp38-manylinux1_i686.whl", hash = "sha256:7e63cbcf2429a8dbfe48dcc2322d5f2220b77b2e17b7ba023d6166d84655da55"},
    {file = "cffi-1.14.0-cp38-cp38-manylinux1_x86_64.whl", hash = "sha256:3d311bcc4a41408cf5854f06ef2c5cab88f9fded37a3b95936c9879c1640d4c2"},
    {file = "cffi-1.14.0-cp38-cp38-win32.whl", hash = "sha256:675686925a9fb403edba0114db74e741d8181683dcf216be697d208857e04ca8"},
    {file = "cffi-1.14.0-cp38-cp38-win_amd64.whl", hash = "sha256:00789914be39dffba161cfc5be31b55775de5ba2235fe49aa28c148236c4e06b"},
    {file = "cffi-1.14.0.tar.gz", hash = "sha256:2d384f4a127a15ba701207f7639d94106693b6cd64173d6c8988e2c25f3ac2b6"},
]

[package.dependencies]
pycparser = "*"

[[package]]
name = "click"
version = "7.1.2"
description = "Composable command line interface toolkit"
category = "main"
optional = false
python-versions = ">=2.7, !=3.0.*, !=3.1.*, !=3.2.*, !=3.3.*, !=3.4.*"
files = [
    {file = "click-7.1.2-py2.py3-none-any.whl", hash = "sha256:dacca89f4bfadd5de3d7489b7c8a566eee0d3676333fbb50030263894c38c0dc"},
    {file = "click-7.1.2.tar.gz", hash = "sha256:d2b5255c7c6349bc1bd1e59e08cd12acbbd63ce649f2588755783aa94dfb6b1a"},
]

[[package]]
name = "colorama"
version = "0.4.3"
description = "Cross-platform colored terminal text."
category = "dev"
optional = false
python-versions = ">=2.7, !=3.0.*, !=3.1.*, !=3.2.*, !=3.3.*, !=3.4.*"
files = [
    {file = "colorama-0.4.3-py2.py3-none-any.whl", hash = "sha256:7d73d2a99753107a36ac6b455ee49046802e59d9d076ef8e47b61499fa29afff"},
    {file = "colorama-0.4.3.tar.gz", hash = "sha256:e96da0d330793e2cb9485e9ddfd918d456036c7149416295932478192f4436a1"},
]

[[package]]
name = "dnspython"
version = "1.16.0"
description = "DNS toolkit"
category = "main"
optional = false
python-versions = ">=2.7, !=3.0.*, !=3.1.*, !=3.2.*, !=3.3.*"
files = [
    {file = "dnspython-1.16.0-py2.py3-none-any.whl", hash = "sha256:f69c21288a962f4da86e56c4905b49d11aba7938d3d740e80d9e366ee4f1632d"},
    {file = "dnspython-1.16.0.zip", hash = "sha256:36c5e8e38d4369a08b6780b7f27d790a292b2b08eea01607865bf0936c558e01"},
]

[package.extras]
dnssec = ["ecdsa (>=0.13)", "pycryptodome"]
idna = ["idna (>=2.1)"]

[[package]]
name = "email-validator"
version = "1.1.1"
description = "A robust email syntax and deliverability validation library for Python 2.x/3.x."
category = "main"
optional = false
python-versions = "*"
files = [
    {file = "email_validator-1.1.1-py2.py3-none-any.whl", hash = "sha256:5f246ae8d81ce3000eade06595b7bb55a4cf350d559e890182a1466a21f25067"},
    {file = "email_validator-1.1.1.tar.gz", hash = "sha256:63094045c3e802c3d3d575b18b004a531c36243ca8d1cec785ff6bfcb04185bb"},
]

[package.dependencies]
dnspython = ">=1.15.0"
idna = ">=2.0.0"

[[package]]
name = "flask"
version = "1.1.2"
description = "A simple framework for building complex web applications."
category = "main"
optional = false
python-versions = ">=2.7, !=3.0.*, !=3.1.*, !=3.2.*, !=3.3.*, !=3.4.*"
files = [
    {file = "Flask-1.1.2-py2.py3-none-any.whl", hash = "sha256:8a4fdd8936eba2512e9c85df320a37e694c93945b33ef33c89946a340a238557"},
    {file = "Flask-1.1.2.tar.gz", hash = "sha256:4efa1ae2d7c9865af48986de8aeb8504bf32c7f3d6fdc9353d34b21f4b127060"},
]

[package.dependencies]
click = ">=5.1"
itsdangerous = ">=0.24"
Jinja2 = ">=2.10.1"
Werkzeug = ">=0.15"

[package.extras]
dev = ["coverage", "pallets-sphinx-themes", "pytest", "sphinx", "sphinx-issues", "sphinxcontrib-log-cabinet", "tox"]
docs = ["pallets-sphinx-themes", "sphinx", "sphinx-issues", "sphinxcontrib-log-cabinet"]
dotenv = ["python-dotenv"]

[[package]]
name = "flask-admin"
version = "1.5.6"
description = "Simple and extensible admin interface framework for Flask"
category = "main"
optional = false
python-versions = "*"
files = [
    {file = "Flask-Admin-1.5.6.tar.gz", hash = "sha256:68c761d8582d59b1f7702013e944a7ad11d7659a72f3006b89b68b0bd8df61b8"},
]

[package.dependencies]
Flask = ">=0.7"
wtforms = "*"

[package.extras]
aws = ["boto"]
azure = ["azure-storage-blob"]

[[package]]
name = "flask-bcrypt"
version = "0.7.1"
description = "Brcrypt hashing for Flask."
category = "main"
optional = false
python-versions = "*"
files = [
    {file = "Flask-Bcrypt-0.7.1.tar.gz", hash = "sha256:d71c8585b2ee1c62024392ebdbc447438564e2c8c02b4e57b56a4cafd8d13c5f"},
]

[package.dependencies]
bcrypt = "*"
Flask = "*"

[[package]]
name = "flask-script"
version = "2.0.6"
description = "Scripting support for Flask"
category = "main"
optional = false
python-versions = "*"
files = [
    {file = "Flask-Script-2.0.6.tar.gz", hash = "sha256:6425963d91054cfcc185807141c7314a9c5ad46325911bd24dcb489bd0161c65"},
]

[package.dependencies]
Flask = "*"

[[package]]
name = "flask-sqlalchemy"
version = "2.4.3"
description = "Adds SQLAlchemy support to your Flask application."
category = "main"
optional = false
python-versions = ">= 2.7, != 3.0.*, != 3.1.*, != 3.2.*, != 3.3.*"
files = [
    {file = "Flask-SQLAlchemy-2.4.3.tar.gz", hash = "sha256:0b656fbf87c5f24109d859bafa791d29751fabbda2302b606881ae5485b557a5"},
    {file = "Flask_SQLAlchemy-2.4.3-py2.py3-none-any.whl", hash = "sha256:fcfe6df52cd2ed8a63008ca36b86a51fa7a4b70cef1c39e5625f722fca32308e"},
]

[package.dependencies]
Flask = ">=0.10"
SQLAlchemy = ">=0.8.0"

[[package]]
name = "flask-wtf"
version = "0.14.3"
description = "Simple integration of Flask and WTForms."
category = "main"
optional = false
python-versions = "*"
files = [
    {file = "Flask-WTF-0.14.3.tar.gz", hash = "sha256:d417e3a0008b5ba583da1763e4db0f55a1269d9dd91dcc3eb3c026d3c5dbd720"},
    {file = "Flask_WTF-0.14.3-py2.py3-none-any.whl", hash = "sha256:57b3faf6fe5d6168bda0c36b0df1d05770f8e205e18332d0376ddb954d17aef2"},
]

[package.dependencies]
Flask = "*"
itsdangerous = "*"
WTForms = "*"

[[package]]
name = "idna"
version = "2.9"
description = "Internationalized Domain Names in Applications (IDNA)"
category = "main"
optional = false
python-versions = ">=2.7, !=3.0.*, !=3.1.*, !=3.2.*, !=3.3.*"
files = [
    {file = "idna-2.9-py2.py3-none-any.whl", hash = "sha256:a068a21ceac8a4d63dbfd964670474107f541babbd2250d61922f029858365fa"},
    {file = "idna-2.9.tar.gz", hash = "sha256:7588d1c14ae4c77d74036e8c22ff447b26d0fde8f007354fd48a7814db15b7cb"},
]

[[package]]
name = "itsdangerous"
version = "1.1.0"
description = "Various helpers to pass data to untrusted environments and back."
category = "main"
optional = false
python-versions = ">=2.7, !=3.0.*, !=3.1.*, !=3.2.*, !=3.3.*"
files = [
    {file = "itsdangerous-1.1.0-py2.py3-none-any.whl", hash = "sha256:b12271b2047cb23eeb98c8b5622e2e5c5e9abd9784a153e9d8ef9cb4dd09d749"},
    {file = "itsdangerous-1.1.0.tar.gz", hash = "sha256:321b033d07f2a4136d3ec762eac9f16a10ccd60f53c0c91af90217ace7ba1f19"},
]

[[package]]
name = "jinja2"
version = "2.11.3"
description = "A very fast and expressive template engine."
category = "main"
optional = false
python-versions = ">=2.7, !=3.0.*, !=3.1.*, !=3.2.*, !=3.3.*, !=3.4.*"
files = [
    {file = "Jinja2-2.11.3-py2.py3-none-any.whl", hash = "sha256:03e47ad063331dd6a3f04a43eddca8a966a26ba0c5b7207a9a9e4e08f1b29419"},
    {file = "Jinja2-2.11.3.tar.gz", hash = "sha256:a6d58433de0ae800347cab1fa3043cebbabe8baa9d29e668f1c768cb87a333c6"},
]

[package.dependencies]
MarkupSafe = ">=0.23"

[package.extras]
i18n = ["Babel (>=0.8)"]

[[package]]
name = "markupsafe"
version = "2.1.2"
description = "Safely add untrusted strings to HTML/XML markup."
category = "main"
optional = false
python-versions = ">=3.7"
files = [
    {file = "MarkupSafe-2.1.2-cp310-cp310-macosx_10_9_universal2.whl", hash = "sha256:665a36ae6f8f20a4676b53224e33d456a6f5a72657d9c83c2aa00765072f31f7"},
    {file = "MarkupSafe-2.1.2-cp310-cp310-macosx_10_9_x86_64.whl", hash = "sha256:340bea174e9761308703ae988e982005aedf427de816d1afe98147668cc03036"},
    {file = "MarkupSafe-2.1.2-cp310-cp310-manylinux_2_17_aarch64.manylinux2014_aarch64.whl", hash = "sha256:22152d00bf4a9c7c83960521fc558f55a1adbc0631fbb00a9471e097b19d72e1"},
    {file = "MarkupSafe-2.1.2-cp310-cp310-manylinux_2_17_x86_64.manylinux2014_x86_64.whl", hash = "sha256:28057e985dace2f478e042eaa15606c7efccb700797660629da387eb289b9323"},
    {file = "MarkupSafe-2.1.2-cp310-cp310-manylinux_2_5_i686.manylinux1_i686.manylinux_2_17_i686.manylinux2014_i686.whl", hash = "sha256:ca244fa73f50a800cf8c3ebf7fd93149ec37f5cb9596aa8873ae2c1d23498601"},
    {file = "MarkupSafe-2.1.2-cp310-cp310-musllinux_1_1_aarch64.whl", hash = "sha256:d9d971ec1e79906046aa3ca266de79eac42f1dbf3612a05dc9368125952bd1a1"},
    {file = "MarkupSafe-2.1.2-cp310-cp310-musllinux_1_1_i686.whl", hash = "sha256:7e007132af78ea9df29495dbf7b5824cb71648d7133cf7848a2a5dd00d36f9ff"},
    {file = "MarkupSafe-2.1.2-cp310-cp310-musllinux_1_1_x86_64.whl", hash = "sha256:7313ce6a199651c4ed9d7e4cfb4aa56fe923b1adf9af3b420ee14e6d9a73df65"},
    {file = "MarkupSafe-2.1.2-cp310-cp310-win32.whl", hash = "sha256:c4a549890a45f57f1ebf99c067a4ad0cb423a05544accaf2b065246827ed9603"},
    {file = "MarkupSafe-2.1.2-cp310-cp310-win_amd64.whl", hash = "sha256:835fb5e38fd89328e9c81067fd642b3593c33e1e17e2fdbf77f5676abb14a156"},
    {file = "MarkupSafe-2.1.2-cp311-cp311-macosx_10_9_universal2.whl", hash = "sha256:2ec4f2d48ae59bbb9d1f9d7efb9236ab81429a764dedca114f5fdabbc3788013"},
    {file = "MarkupSafe-2.1.2-cp311-cp311-macosx_10_9_x86_64.whl", hash = "sha256:608e7073dfa9e38a85d38474c082d4281f4ce276ac0010224eaba11e929dd53a"},
    {file = "MarkupSafe-2.1.2-cp311-cp311-manylinux_2_17_aarch64.manylinux2014_aarch64.whl", hash = "sha256:65608c35bfb8a76763f37036547f7adfd09270fbdbf96608be2bead319728fcd"},
    {file = "MarkupSafe-2.1.2-cp311-cp311-manylinux_2_17_x86_64.manylinux2014_x86_64.whl", hash = "sha256:f2bfb563d0211ce16b63c7cb9395d2c682a23187f54c3d79bfec33e6705473c6"},
    {file = "MarkupSafe-2.1.2-cp311-cp311-manylinux_2_5_i686.manylinux1_i686.manylinux_2_17_i686.manylinux2014_i686.whl", hash = "sha256:da25303d91526aac3672ee6d49a2f3db2d9502a4a60b55519feb1a4c7714e07d"},
    {file = "MarkupSafe-2.1.2-cp311-cp311-musllinux_1_1_aarch64.whl", hash = "sha256:9cad97ab29dfc3f0249b483412c85c8ef4766d96cdf9dcf5a1e3caa3f3661cf1"},
    {file = "MarkupSafe-2.1.2-cp311-cp311-musllinux_1_1_i686.whl", hash = "sha256:085fd3201e7b12809f9e6e9bc1e5c96a368c8523fad5afb02afe3c051ae4afcc"},
    {file = "MarkupSafe-2.1.2-cp311-cp311-musllinux_1_1_x86_64.whl", hash = "sha256:1bea30e9bf331f3fef67e0a3877b2288593c98a21ccb2cf29b74c581a4eb3af0"},
    {file = "MarkupSafe-2.1.2-cp311-cp311-win32.whl", hash = "sha256:7df70907e00c970c60b9ef2938d894a9381f38e6b9db73c5be35e59d92e06625"},
    {file = "MarkupSafe-2.1.2-cp311-cp311-win_amd64.whl", hash = "sha256:e55e40ff0cc8cc5c07996915ad367fa47da6b3fc091fdadca7f5403239c5fec3"},
    {file = "MarkupSafe-2.1.2-cp37-cp37m-macosx_10_9_x86_64.whl", hash = "sha256:a6e40afa7f45939ca356f348c8e23048e02cb109ced1eb8420961b2f40fb373a"},
    {file = "MarkupSafe-2.1.2-cp37-cp37m-manylinux_2_17_aarch64.manylinux2014_aarch64.whl", hash = "sha256:cf877ab4ed6e302ec1d04952ca358b381a882fbd9d1b07cccbfd61783561f98a"},
    {file = "MarkupSafe-2.1.2-cp37-cp37m-manylinux_2_17_x86_64.manylinux2014_x86_64.whl", hash = "sha256:63ba06c9941e46fa389d389644e2d8225e0e3e5ebcc4ff1ea8506dce646f8c8a"},
    {file = "MarkupSafe-2.1.2-cp37-cp37m-manylinux_2_5_i686.manylinux1_i686.manylinux_2_17_i686.manylinux2014_i686.whl", hash = "sha256:f1cd098434e83e656abf198f103a8207a8187c0fc110306691a2e94a78d0abb2"},
    {file = "MarkupSafe-2.1.2-cp37-cp37m-musllinux_1_1_aarch64.whl", hash = "sha256:55f44b440d491028addb3b88f72207d71eeebfb7b5dbf0643f7c023ae1fba619"},
    {file = "MarkupSafe-2.1.2-cp37-cp37m-musllinux_1_1_i686.whl", hash = "sha256:a6f2fcca746e8d5910e18782f976489939d54a91f9411c32051b4aab2bd7c513"},
    {file = "MarkupSafe-2.1.2-cp37-cp37m-musllinux_1_1_x86_64.whl", hash = "sha256:0b462104ba25f1ac006fdab8b6a01ebbfbce9ed37fd37fd4acd70c67c973e460"},
    {file = "MarkupSafe-2.1.2-cp37-cp37m-win32.whl", hash = "sha256:7668b52e102d0ed87cb082380a7e2e1e78737ddecdde129acadb0eccc5423859"},
    {file = "MarkupSafe-2.1.2-cp37-cp37m-win_amd64.whl", hash = "sha256:6d6607f98fcf17e534162f0709aaad3ab7a96032723d8ac8750ffe17ae5a0666"},
    {file = "MarkupSafe-2.1.2-cp38-cp38-macosx_10_9_universal2.whl", hash = "sha256:a806db027852538d2ad7555b203300173dd1b77ba116de92da9afbc3a3be3eed"},
    {file = "MarkupSafe-2.1.2-cp38-cp38-macosx_10_9_x86_64.whl", hash = "sha256:a4abaec6ca3ad8660690236d11bfe28dfd707778e2442b45addd2f086d6ef094"},
    {file = "MarkupSafe-2.1.2-cp38-cp38-manylinux_2_17_aarch64.manylinux2014_aarch64.whl", hash = "sha256:f03a532d7dee1bed20bc4884194a16160a2de9ffc6354b3878ec9682bb623c54"},
    {file = "MarkupSafe-2.1.2-cp38-cp38-manylinux_2_17_x86_64.manylinux2014_x86_64.whl", hash = "sha256:4cf06cdc1dda95223e9d2d3c58d3b178aa5dacb35ee7e3bbac10e4e1faacb419"},
    {file = "MarkupSafe-2.1.2-cp38-cp38-manylinux_2_5_i686.manylinux1_i686.manylinux_2_17_i686.manylinux2014_i686.whl", hash = "sha256:22731d79ed2eb25059ae3df1dfc9cb1546691cc41f4e3130fe6bfbc3ecbbecfa"},
    {file = "MarkupSafe-2.1.2-cp38-cp38-musllinux_1_1_aarch64.whl", hash = "sha256:f8ffb705ffcf5ddd0e80b65ddf7bed7ee4f5a441ea7d3419e861a12eaf41af58"},
    {file = "MarkupSafe-2.1.2-cp38-cp38-musllinux_1_1_i686.whl", hash = "sha256:8db032bf0ce9022a8e41a22598eefc802314e81b879ae093f36ce9ddf39ab1ba"},
    {file = "MarkupSafe-2.1.2-cp38-cp38-musllinux_1_1_x86_64.whl", hash = "sha256:2298c859cfc5463f1b64bd55cb3e602528db6fa0f3cfd568d3605c50678f8f03"},
    {file = "MarkupSafe-2.1.2-cp38-cp38-win32.whl", hash = "sha256:50c42830a633fa0cf9e7d27664637532791bfc31c731a87b202d2d8ac40c3ea2"},
    {file = "MarkupSafe-2.1.2-cp38-cp38-win_amd64.whl", hash = "sha256:bb06feb762bade6bf3c8b844462274db0c76acc95c52abe8dbed28ae3d44a147"},
    {file = "MarkupSafe-2.1.2-cp39-cp39-macosx_10_9_universal2.whl", hash = "sha256:99625a92da8229df6d44335e6fcc558a5037dd0a760e11d84be2260e6f37002f"},
    {file = "MarkupSafe-2.1.2-cp39-cp39-macosx_10_9_x86_64.whl", hash = "sha256:8bca7e26c1dd751236cfb0c6c72d4ad61d986e9a41bbf76cb445f69488b2a2bd"},
    {file = "MarkupSafe-2.1.2-cp39-cp39-manylinux_2_17_aarch64.manylinux2014_aarch64.whl", hash = "sha256:40627dcf047dadb22cd25ea7ecfe9cbf3bbbad0482ee5920b582f3809c97654f"},
    {file = "MarkupSafe-2.1.2-cp39-cp39-manylinux_2_17_x86_64.manylinux2014_x86_64.whl", hash = "sha256:40dfd3fefbef579ee058f139733ac336312663c6706d1163b82b3003fb1925c4"},
    {file = "MarkupSafe-2.1.2-cp39-cp39-manylinux_2_5_i686.manylinux1_i686.manylinux_2_17_i686.manylinux2014_i686.whl", hash = "sha256:090376d812fb6ac5f171e5938e82e7f2d7adc2b629101cec0db8b267815c85e2"},
    {file = "MarkupSafe-2.1.2-cp39-cp39-musllinux_1_1_aarch64.whl", hash = "sha256:2e7821bffe00aa6bd07a23913b7f4e01328c3d5cc0b40b36c0bd81d362faeb65"},
    {file = "MarkupSafe-2.1.2-cp39-cp39-musllinux_1_1_i686.whl", hash = "sha256:c0a33bc9f02c2b17c3ea382f91b4db0e6cde90b63b296422a939886a7a80de1c"},
    {file = "MarkupSafe-2.1.2-cp39-cp39-musllinux_1_1_x86_64.whl", hash = "sha256:b8526c6d437855442cdd3d87eede9c425c4445ea011ca38d937db299382e6fa3"},
    {file = "MarkupSafe-2.1.2-cp39-cp39-win32.whl", hash = "sha256:137678c63c977754abe9086a3ec011e8fd985ab90631145dfb9294ad09c102a7"},
    {file = "MarkupSafe-2.1.2-cp39-cp39-win_amd64.whl", hash = "sha256:0576fe974b40a400449768941d5d0858cc624e3249dfd1e0c33674e5c7ca7aed"},
    {file = "MarkupSafe-2.1.2.tar.gz", hash = "sha256:abcabc8c2b26036d62d4c746381a6f7cf60aafcc653198ad678306986b09450d"},
]

[[package]]
name = "more-itertools"
version = "8.3.0"
description = "More routines for operating on iterables, beyond itertools"
category = "dev"
optional = false
python-versions = ">=3.5"
files = [
    {file = "more-itertools-8.3.0.tar.gz", hash = "sha256:558bb897a2232f5e4f8e2399089e35aecb746e1f9191b6584a151647e89267be"},
    {file = "more_itertools-8.3.0-py3-none-any.whl", hash = "sha256:7818f596b1e87be009031c7653d01acc46ed422e6656b394b0f765ce66ed4982"},
]

[[package]]
name = "packaging"
version = "20.4"
description = "Core utilities for Python packages"
category = "dev"
optional = false
python-versions = ">=2.7, !=3.0.*, !=3.1.*, !=3.2.*, !=3.3.*"
files = [
    {file = "packaging-20.4-py2.py3-none-any.whl", hash = "sha256:998416ba6962ae7fbd6596850b80e17859a5753ba17c32284f67bfff33784181"},
    {file = "packaging-20.4.tar.gz", hash = "sha256:4357f74f47b9c12db93624a82154e9b120fa8293699949152b22065d556079f8"},
]

[package.dependencies]
pyparsing = ">=2.0.2"
six = "*"

[[package]]
name = "pillow"
version = "8.1.1"
description = "Python Imaging Library (Fork)"
category = "main"
optional = false
python-versions = ">=3.6"
files = [
    {file = "Pillow-8.1.1-cp36-cp36m-macosx_10_10_x86_64.whl", hash = "sha256:14415e9e28410232370615dbde0cf0a00e526f522f665460344a5b96973a3086"},
    {file = "Pillow-8.1.1-cp36-cp36m-manylinux1_i686.whl", hash = "sha256:924fc33cb4acaf6267b8ca3b8f1922620d57a28470d5e4f49672cea9a841eb08"},
    {file = "Pillow-8.1.1-cp36-cp36m-manylinux1_x86_64.whl", hash = "sha256:df534e64d4f3e84e8f1e1a37da3f541555d947c1c1c09b32178537f0f243f69d"},
    {file = "Pillow-8.1.1-cp36-cp36m-manylinux2014_aarch64.whl", hash = "sha256:4fe74636ee71c57a7f65d7b21a9f127d842b4fb75511e5d256ace258826eb352"},
    {file = "Pillow-8.1.1-cp36-cp36m-win32.whl", hash = "sha256:3e759bcc03d6f39bc751e56d86bc87252b9a21c689a27c5ed753717a87d53a5b"},
    {file = "Pillow-8.1.1-cp36-cp36m-win_amd64.whl", hash = "sha256:292f2aa1ae5c5c1451cb4b558addb88c257411d3fd71c6cf45562911baffc979"},
    {file = "Pillow-8.1.1-cp37-cp37m-macosx_10_10_x86_64.whl", hash = "sha256:8211cac9bf10461f9e33fe9a3af6c5131f3fdd0d10672afc2abb2c70cf95c5ca"},
    {file = "Pillow-8.1.1-cp37-cp37m-manylinux1_i686.whl", hash = "sha256:d30f30c044bdc0ab8f3924e1eeaac87e0ff8a27e87369c5cac4064b6ec78fd83"},
    {file = "Pillow-8.1.1-cp37-cp37m-manylinux1_x86_64.whl", hash = "sha256:7094bbdecb95ebe53166e4c12cf5e28310c2b550b08c07c5dc15433898e2238e"},
    {file = "Pillow-8.1.1-cp37-cp37m-manylinux2014_aarch64.whl", hash = "sha256:1022f8f6dc3c5b0dcf928f1c49ba2ac73051f576af100d57776e2b65c1f76a8d"},
    {file = "Pillow-8.1.1-cp37-cp37m-win32.whl", hash = "sha256:a7d690b2c5f7e4a932374615fedceb1e305d2dd5363c1de15961725fe10e7d16"},
    {file = "Pillow-8.1.1-cp37-cp37m-win_amd64.whl", hash = "sha256:436b0a2dd9fe3f7aa6a444af6bdf53c1eb8f5ced9ea3ef104daa83f0ea18e7bc"},
    {file = "Pillow-8.1.1-cp38-cp38-macosx_10_10_x86_64.whl", hash = "sha256:c448d2b335e21951416a30cd48d35588d122a912d5fe9e41900afacecc7d21a1"},
    {file = "Pillow-8.1.1-cp38-cp38-manylinux1_i686.whl", hash = "sha256:bb18422ad00c1fecc731d06592e99c3be2c634da19e26942ba2f13d805005cf2"},
    {file = "Pillow-8.1.1-cp38-cp38-manylinux1_x86_64.whl", hash = "sha256:3ec87bd1248b23a2e4e19e774367fbe30fddc73913edc5f9b37470624f55dc1f"},
    {file = "Pillow-8.1.1-cp38-cp38-manylinux2014_aarch64.whl", hash = "sha256:99ce3333b40b7a4435e0a18baad468d44ab118a4b1da0af0a888893d03253f1d"},
    {file = "Pillow-8.1.1-cp38-cp38-win32.whl", hash = "sha256:2f0d7034d5faae9a8d1019d152ede924f653df2ce77d3bba4ce62cd21b5f94ae"},
    {file = "Pillow-8.1.1-cp38-cp38-win_amd64.whl", hash = "sha256:07872f1d8421db5a3fe770f7480835e5e90fddb58f36c216d4a2ac0d594de474"},
    {file = "Pillow-8.1.1-cp39-cp39-macosx_10_10_x86_64.whl", hash = "sha256:69da5b1d7102a61ce9b45deb2920a2012d52fd8f4201495ea9411d0071b0ec22"},
    {file = "Pillow-8.1.1-cp39-cp39-macosx_11_0_arm64.whl", hash = "sha256:2a40d7d4b17db87f5b9a1efc0aff56000e1d0d5ece415090c102aafa0ccbe858"},
    {file = "Pillow-8.1.1-cp39-cp39-manylinux1_i686.whl", hash = "sha256:01bb0a34f1a6689b138c0089d670ae2e8f886d2666a9b2f2019031abdea673c4"},
    {file = "Pillow-8.1.1-cp39-cp39-manylinux1_x86_64.whl", hash = "sha256:43b3c859912e8bf754b3c5142df624794b18eb7ae07cfeddc917e1a9406a3ef2"},
    {file = "Pillow-8.1.1-cp39-cp39-manylinux2014_aarch64.whl", hash = "sha256:3b13d89d97b551e02549d1f0edf22bed6acfd6fd2e888cd1e9a953bf215f0e81"},
    {file = "Pillow-8.1.1-cp39-cp39-win32.whl", hash = "sha256:c143c409e7bc1db784471fe9d0bf95f37c4458e879ad84cfae640cb74ee11a26"},
    {file = "Pillow-8.1.1-cp39-cp39-win_amd64.whl", hash = "sha256:1c5e3c36f02c815766ae9dd91899b1c5b4652f2a37b7a51609f3bd467c0f11fb"},
    {file = "Pillow-8.1.1-pp36-pypy36_pp73-macosx_10_10_x86_64.whl", hash = "sha256:8cf77e458bd996dc85455f10fe443c0c946f5b13253773439bcbec08aa1aebc2"},
    {file = "Pillow-8.1.1-pp36-pypy36_pp73-manylinux2010_i686.whl", hash = "sha256:c10af40ee2f1a99e1ae755ab1f773916e8bca3364029a042cd9161c400416bd8"},
    {file = "Pillow-8.1.1-pp36-pypy36_pp73-manylinux2010_x86_64.whl", hash = "sha256:ff83dfeb04c98bb3e7948f876c17513a34e9a19fd92e292288649164924c1b39"},
    {file = "Pillow-8.1.1-pp37-pypy37_pp73-macosx_10_10_x86_64.whl", hash = "sha256:b9af590adc1e46898a1276527f3cfe2da8048ae43fbbf9b1bf9395f6c99d9b47"},
    {file = "Pillow-8.1.1-pp37-pypy37_pp73-manylinux2010_i686.whl", hash = "sha256:172acfaf00434a28dddfe592d83f2980e22e63c769ff4a448ddf7b7a38ffd165"},
    {file = "Pillow-8.1.1-pp37-pypy37_pp73-manylinux2010_x86_64.whl", hash = "sha256:33fdbd4f5608c852d97264f9d2e3b54e9e9959083d008145175b86100b275e5b"},
    {file = "Pillow-8.1.1-pp37-pypy37_pp73-win32.whl", hash = "sha256:59445af66b59cc39530b4f810776928d75e95f41e945f0c32a3de4aceb93c15d"},
    {file = "Pillow-8.1.1.tar.gz", hash = "sha256:f6fc18f9c9c7959bf58e6faf801d14fafb6d4717faaf6f79a68c8bb2a13dcf20"},
]

[[package]]
name = "pluggy"
version = "0.13.1"
description = "plugin and hook calling mechanisms for python"
category = "dev"
optional = false
python-versions = ">=2.7, !=3.0.*, !=3.1.*, !=3.2.*, !=3.3.*"
files = [
    {file = "pluggy-0.13.1-py2.py3-none-any.whl", hash = "sha256:966c145cd83c96502c3c3868f50408687b38434af77734af1e9ca461a4081d2d"},
    {file = "pluggy-0.13.1.tar.gz", hash = "sha256:15b2acde666561e1298d71b523007ed7364de07029219b604cf808bfa1c765b0"},
]

[package.extras]
dev = ["pre-commit", "tox"]

[[package]]
name = "ply"
version = "3.11"
description = "Python Lex & Yacc"
category = "main"
optional = false
python-versions = "*"
files = [
    {file = "ply-3.11-py2.py3-none-any.whl", hash = "sha256:096f9b8350b65ebd2fd1346b12452efe5b9607f7482813ffca50c22722a807ce"},
    {file = "ply-3.11.tar.gz", hash = "sha256:00c7c1aaa88358b9c765b6d3000c6eec0ba42abca5351b095321aef446081da3"},
]

[[package]]
name = "py"
version = "1.8.1"
description = "library with cross-python path, ini-parsing, io, code, log facilities"
category = "dev"
optional = false
python-versions = ">=2.7, !=3.0.*, !=3.1.*, !=3.2.*, !=3.3.*"
files = [
    {file = "py-1.8.1-py2.py3-none-any.whl", hash = "sha256:c20fdd83a5dbc0af9efd622bee9a5564e278f6380fffcacc43ba6f43db2813b0"},
    {file = "py-1.8.1.tar.gz", hash = "sha256:5e27081401262157467ad6e7f851b7aa402c5852dbcb3dae06768434de5752aa"},
]

[[package]]
name = "pycodestyle"
version = "2.6.0"
description = "Python style guide checker"
category = "dev"
optional = false
python-versions = ">=2.7, !=3.0.*, !=3.1.*, !=3.2.*, !=3.3.*"
files = [
    {file = "pycodestyle-2.6.0-py2.py3-none-any.whl", hash = "sha256:2295e7b2f6b5bd100585ebcb1f616591b652db8a741695b3d8f5d28bdc934367"},
    {file = "pycodestyle-2.6.0.tar.gz", hash = "sha256:c58a7d2815e0e8d7972bf1803331fb0152f867bd89adf8a01dfd55085434192e"},
]

[[package]]
name = "pycparser"
version = "2.20"
description = "C parser in Python"
category = "main"
optional = false
python-versions = ">=2.7, !=3.0.*, !=3.1.*, !=3.2.*, !=3.3.*"
files = [
    {file = "pycparser-2.20-py2.py3-none-any.whl", hash = "sha256:7582ad22678f0fcd81102833f60ef8d0e57288b6b5fb00323d101be910e35705"},
    {file = "pycparser-2.20.tar.gz", hash = "sha256:2d475327684562c3a96cc71adf7dc8c4f0565175cf86b6d7a404ff4c771f15f0"},
]

[[package]]
name = "pymysql"
version = "0.9.3"
description = "Pure Python MySQL Driver"
category = "main"
optional = false
python-versions = "*"
files = [
    {file = "PyMySQL-0.9.3-py2.py3-none-any.whl", hash = "sha256:3943fbbbc1e902f41daf7f9165519f140c4451c179380677e6a848587042561a"},
    {file = "PyMySQL-0.9.3.tar.gz", hash = "sha256:d8c059dcd81dedb85a9f034d5e22dcb4442c0b201908bede99e306d65ea7c8e7"},
]

[package.extras]
rsa = ["cryptography"]

[[package]]
name = "pyparsing"
version = "2.4.7"
description = "Python parsing module"
category = "dev"
optional = false
python-versions = ">=2.6, !=3.0.*, !=3.1.*, !=3.2.*"
files = [
    {file = "pyparsing-2.4.7-py2.py3-none-any.whl", hash = "sha256:ef9d7589ef3c200abe66653d3f1ab1033c3c419ae9b9bdb1240a85b024efc88b"},
    {file = "pyparsing-2.4.7.tar.gz", hash = "sha256:c203ec8783bf771a155b207279b9bccb8dea02d8f0c9e5f8ead507bc3246ecc1"},
]

[[package]]
name = "pytest"
version = "5.4.2"
description = "pytest: simple powerful testing with Python"
category = "dev"
optional = false
python-versions = ">=3.5"
files = [
    {file = "pytest-5.4.2-py3-none-any.whl", hash = "sha256:95c710d0a72d91c13fae35dce195633c929c3792f54125919847fdcdf7caa0d3"},
    {file = "pytest-5.4.2.tar.gz", hash = "sha256:eb2b5e935f6a019317e455b6da83dd8650ac9ffd2ee73a7b657a30873d67a698"},
]

[package.dependencies]
atomicwrites = {version = ">=1.0", markers = "sys_platform == \"win32\""}
attrs = ">=17.4.0"
colorama = {version = "*", markers = "sys_platform == \"win32\""}
more-itertools = ">=4.0.0"
packaging = "*"
pluggy = ">=0.12,<1.0"
py = ">=1.5.0"
wcwidth = "*"

[package.extras]
checkqa-mypy = ["mypy (==v0.761)"]
testing = ["argcomplete", "hypothesis (>=3.56)", "mock", "nose", "requests", "xmlschema"]

[[package]]
name = "six"
version = "1.15.0"
description = "Python 2 and 3 compatibility utilities"
category = "main"
optional = false
python-versions = ">=2.7, !=3.0.*, !=3.1.*, !=3.2.*"
files = [
    {file = "six-1.15.0-py2.py3-none-any.whl", hash = "sha256:8b74bedcbbbaca38ff6d7491d76f2b06b3592611af620f8426e82dddb04a5ced"},
    {file = "six-1.15.0.tar.gz", hash = "sha256:30639c035cdb23534cd4aa2dd52c3bf48f06e5f4a941509c8bafd8ce11080259"},
]

[[package]]
name = "sqlalchemy"
version = "1.3.17"
description = "Database Abstraction Library"
category = "main"
optional = false
python-versions = ">=2.7, !=3.0.*, !=3.1.*, !=3.2.*, !=3.3.*"
files = [
    {file = "SQLAlchemy-1.3.17-cp27-cp27m-macosx_10_14_x86_64.whl", hash = "sha256:fe01bac7226499aedf472c62fa3b85b2c619365f3f14dd222ffe4f3aa91e5f98"},
    {file = "SQLAlchemy-1.3.17-cp27-cp27m-manylinux1_x86_64.whl", hash = "sha256:b50f45d0e82b4562f59f0e0ca511f65e412f2a97d790eea5f60e34e5f1aabc9a"},
    {file = "SQLAlchemy-1.3.17-cp27-cp27m-manylinux2010_x86_64.whl", hash = "sha256:ce2646e4c0807f3461be0653502bb48c6e91a5171d6e450367082c79e12868bf"},
    {file = "SQLAlchemy-1.3.17-cp27-cp27m-win32.whl", hash = "sha256:e4e2664232005bd306f878b0f167a31f944a07c4de0152c444f8c61bbe3cfb38"},
    {file = "SQLAlchemy-1.3.17-cp27-cp27m-win_amd64.whl", hash = "sha256:925b4fe5e7c03ed76912b75a9a41dfd682d59c0be43bce88d3b27f7f5ba028fb"},
    {file = "SQLAlchemy-1.3.17-cp27-cp27mu-manylinux1_x86_64.whl", hash = "sha256:869bbb637de58ab0a912b7f20e9192132f9fbc47fc6b5111cd1e0f6cdf5cf9b0"},
    {file = "SQLAlchemy-1.3.17-cp27-cp27mu-manylinux2010_x86_64.whl", hash = "sha256:703c002277f0fbc3c04d0ae4989a174753a7554b2963c584ce2ec0cddcf2bc53"},
    {file = "SQLAlchemy-1.3.17-cp35-cp35m-macosx_10_14_x86_64.whl", hash = "sha256:eb4fcf7105bf071c71068c6eee47499ab8d4b8f5a11fc35147c934f0faa60f23"},
    {file = "SQLAlchemy-1.3.17-cp35-cp35m-manylinux1_x86_64.whl", hash = "sha256:8d01e949a5d22e5c4800d59b50617c56125fc187fbeb8fa423e99858546de616"},
    {file = "SQLAlchemy-1.3.17-cp35-cp35m-manylinux2010_x86_64.whl", hash = "sha256:a9e75e49a0f1583eee0ce93270232b8e7bb4b1edc89cc70b07600d525aef4f43"},
    {file = "SQLAlchemy-1.3.17-cp35-cp35m-win32.whl", hash = "sha256:a87d496884f40c94c85a647c385f4fd5887941d2609f71043e2b73f2436d9c65"},
    {file = "SQLAlchemy-1.3.17-cp35-cp35m-win_amd64.whl", hash = "sha256:6cd157ce74a911325e164441ff2d9b4e244659a25b3146310518d83202f15f7a"},
    {file = "SQLAlchemy-1.3.17-cp36-cp36m-macosx_10_14_x86_64.whl", hash = "sha256:27e2efc8f77661c9af2681755974205e7462f1ae126f498f4fe12a8b24761d15"},
    {file = "SQLAlchemy-1.3.17-cp36-cp36m-manylinux1_x86_64.whl", hash = "sha256:31c043d5211aa0e0773821fcc318eb5cbe2ec916dfbc4c6eea0c5188971988eb"},
    {file = "SQLAlchemy-1.3.17-cp36-cp36m-manylinux2010_x86_64.whl", hash = "sha256:a9030cd30caf848a13a192c5e45367e3c6f363726569a56e75dc1151ee26d859"},
    {file = "SQLAlchemy-1.3.17-cp36-cp36m-win32.whl", hash = "sha256:f502ef245c492b391e0e23e94cba030ab91722dcc56963c85bfd7f3441ea2bbe"},
    {file = "SQLAlchemy-1.3.17-cp36-cp36m-win_amd64.whl", hash = "sha256:128bc917ed20d78143a45024455ff0aed7d3b96772eba13d5dbaf9cc57e5c41b"},
    {file = "SQLAlchemy-1.3.17-cp37-cp37m-macosx_10_14_x86_64.whl", hash = "sha256:2a12f8be25b9ea3d1d5b165202181f2b7da4b3395289000284e5bb86154ce87c"},
    {file = "SQLAlchemy-1.3.17-cp37-cp37m-manylinux1_x86_64.whl", hash = "sha256:e8aa395482728de8bdcca9cc0faf3765ab483e81e01923aaa736b42f0294f570"},
    {file = "SQLAlchemy-1.3.17-cp37-cp37m-manylinux2010_x86_64.whl", hash = "sha256:f35248f7e0d63b234a109dd72fbfb4b5cb6cb6840b221d0df0ecbf54ab087654"},
    {file = "SQLAlchemy-1.3.17-cp37-cp37m-win32.whl", hash = "sha256:ce1ddaadee913543ff0154021d31b134551f63428065168e756d90bdc4c686f5"},
    {file = "SQLAlchemy-1.3.17-cp37-cp37m-win_amd64.whl", hash = "sha256:9cb1819008f0225a7c066cac8bb0cf90847b2c4a6eb9ebb7431dbd00c56c06c5"},
    {file = "SQLAlchemy-1.3.17-cp38-cp38-macosx_10_14_x86_64.whl", hash = "sha256:65eb3b03229f684af0cf0ad3bcc771970c1260a82a791a8d07bffb63d8c95bcc"},
    {file = "SQLAlchemy-1.3.17-cp38-cp38-manylinux1_x86_64.whl", hash = "sha256:8a0e0cd21da047ea10267c37caf12add400a92f0620c8bc09e4a6531a765d6d7"},
    {file = "SQLAlchemy-1.3.17-cp38-cp38-manylinux2010_x86_64.whl", hash = "sha256:b7878e59ec31f12d54b3797689402ee3b5cfcb5598f2ebf26491732758751908"},
    {file = "SQLAlchemy-1.3.17-cp38-cp38-win32.whl", hash = "sha256:ce6c3d18b2a8ce364013d47b9cad71db815df31d55918403f8db7d890c9d07ae"},
    {file = "SQLAlchemy-1.3.17-cp38-cp38-win_amd64.whl", hash = "sha256:ed375a79f06cad285166e5be74745df1ed6845c5624aafadec4b7a29c25866ef"},
    {file = "SQLAlchemy-1.3.17.tar.gz", hash = "sha256:156a27548ba4e1fed944ff9fcdc150633e61d350d673ae7baaf6c25c04ac1f71"},
]

[package.extras]
mssql = ["pyodbc"]
mssql-pymssql = ["pymssql"]
mssql-pyodbc = ["pyodbc"]
mysql = ["mysqlclient"]
oracle = ["cx-oracle"]
postgresql = ["psycopg2"]
postgresql-pg8000 = ["pg8000"]
postgresql-psycopg2binary = ["psycopg2-binary"]
postgresql-psycopg2cffi = ["psycopg2cffi"]
pymysql = ["pymysql"]

[[package]]
name = "wcwidth"
version = "0.1.9"
description = "Measures number of Terminal column cells of wide-character codes"
category = "dev"
optional = false
python-versions = "*"
files = [
    {file = "wcwidth-0.1.9-py2.py3-none-any.whl", hash = "sha256:cafe2186b3c009a04067022ce1dcd79cb38d8d65ee4f4791b8888d6599d1bbe1"},
    {file = "wcwidth-0.1.9.tar.gz", hash = "sha256:ee73862862a156bf77ff92b09034fc4825dd3af9cf81bc5b360668d425f3c5f1"},
]

[[package]]
name = "werkzeug"
version = "2.2.3"
description = "The comprehensive WSGI web application library."
category = "main"
optional = false
python-versions = ">=3.7"
files = [
    {file = "Werkzeug-2.2.3-py3-none-any.whl", hash = "sha256:56433961bc1f12533306c624f3be5e744389ac61d722175d543e1751285da612"},
    {file = "Werkzeug-2.2.3.tar.gz", hash = "sha256:2e1ccc9417d4da358b9de6f174e3ac094391ea1d4fbef2d667865d819dfd0afe"},
]

[package.dependencies]
MarkupSafe = ">=2.1.1"

[package.extras]
watchdog = ["watchdog"]

[[package]]
name = "wtforms"
version = "2.3.1"
description = "A flexible forms validation and rendering library for Python web development."
category = "main"
optional = false
python-versions = "*"
files = [
    {file = "WTForms-2.3.1-py2.py3-none-any.whl", hash = "sha256:6ff8635f4caeed9f38641d48cfe019d0d3896f41910ab04494143fc027866e1b"},
    {file = "WTForms-2.3.1.tar.gz", hash = "sha256:861a13b3ae521d6700dac3b2771970bd354a63ba7043ecc3a82b5288596a1972"},
]

[package.dependencies]
MarkupSafe = "*"

[package.extras]
email = ["email-validator"]
ipaddress = ["ipaddress"]
locale = ["Babel (>=1.3)"]

[metadata]
lock-version = "2.0"
python-versions = "^3.8"
content-hash = "46077056d295758b56a71baab43fc69a3faca59421505718cb754be1394a76d1"
